
Microsoft Visual Studio Solution File, Format Version 12.00
Project("{FAE04EC0-301F-11D3-BF4B-00C04F79EFBC}") = "CookingAdvisor", "CookingAdvisor\CookingAdvisor.csproj", "{45BB48A9-90FB-417C-83D3-89CAD4F68238}"
EndProject
Global
	GlobalSection(SolutionConfigurationPlatforms) = preSolution
		Debug|Any CPU = Debug|Any CPU
		Release|Any CPU = Release|Any CPU
	EndGlobalSection
	GlobalSection(ProjectConfigurationPlatforms) = postSolution
		{45BB48A9-90FB-417C-83D3-89CAD4F68238}.Debug|Any CPU.ActiveCfg = Debug|Any CPU
		{45BB48A9-90FB-417C-83D3-89CAD4F68238}.Debug|Any CPU.Build.0 = Debug|Any CPU
		{45BB48A9-90FB-417C-83D3-89CAD4F68238}.Release|Any CPU.ActiveCfg = Release|Any CPU
		{45BB48A9-90FB-417C-83D3-89CAD4F68238}.Release|Any CPU.Build.0 = Release|Any CPU
	EndGlobalSection
EndGlobal
